
Microsoft Visual Studio Solution File, Format Version 12.00
# Visual Studio 15
VisualStudioVersion = 15.0.27004.2005
MinimumVisualStudioVersion = 10.0.40219.1
Project("{FAE04EC0-301F-11D3-BF4B-00C04F79EFBC}") = "Code128", "Code128\Code128.csproj", "{C78A5283-93F4-44CF-8CB2-4BBE2F2FC8AD}"
EndProject
Project("{FAE04EC0-301F-11D3-BF4B-00C04F79EFBC}") = "Code128Tests", "Code128Tests\Code128Tests.csproj", "{443963B7-F2F6-4289-B160-EB5F5165908E}"
EndProject
Project("{FAE04EC0-301F-11D3-BF4B-00C04F79EFBC}") = "Demo", "Demo\Demo.csproj", "{ED6E3E4C-EF48-4911-92F1-D16199B43C37}"
EndProject
Project("{2150E333-8FDC-42A3-9474-1A3956D46DE8}") = "Others", "Others", "{4A45868E-5FD0-4562-901C-5BB3143869A5}"
EndProject
Project("{FAE04EC0-301F-11D3-BF4B-00C04F79EFBC}") = "Benchmarks", "Others\Benchmarks\Benchmarks.csproj", "{83E5F0F9-9C5A-43A2-8A83-956743C614CB}"
EndProject
Project("{FAE04EC0-301F-11D3-BF4B-00C04F79EFBC}") = "FuzzTests", "FuzzTests\FuzzTests.csproj", "{86B348B9-C208-42DE-AC01-5237B2F0D956}"
EndProject
Global
	GlobalSection(SolutionConfigurationPlatforms) = preSolution
		Debug|Any CPU = Debug|Any CPU
		Release|Any CPU = Release|Any CPU
	EndGlobalSection
	GlobalSection(ProjectConfigurationPlatforms) = postSolution
		{C78A5283-93F4-44CF-8CB2-4BBE2F2FC8AD}.Debug|Any CPU.ActiveCfg = Debug|Any CPU
		{C78A5283-93F4-44CF-8CB2-4BBE2F2FC8AD}.Debug|Any CPU.Build.0 = Debug|Any CPU
		{C78A5283-93F4-44CF-8CB2-4BBE2F2FC8AD}.Release|Any CPU.ActiveCfg = Release|Any CPU
		{C78A5283-93F4-44CF-8CB2-4BBE2F2FC8AD}.Release|Any CPU.Build.0 = Release|Any CPU
		{443963B7-F2F6-4289-B160-EB5F5165908E}.Debug|Any CPU.ActiveCfg = Debug|Any CPU
		{443963B7-F2F6-4289-B160-EB5F5165908E}.Debug|Any CPU.Build.0 = Debug|Any CPU
		{443963B7-F2F6-4289-B160-EB5F5165908E}.Release|Any CPU.ActiveCfg = Release|Any CPU
		{443963B7-F2F6-4289-B160-EB5F5165908E}.Release|Any CPU.Build.0 = Release|Any CPU
		{ED6E3E4C-EF48-4911-92F1-D16199B43C37}.Debug|Any CPU.ActiveCfg = Debug|Any CPU
		{ED6E3E4C-EF48-4911-92F1-D16199B43C37}.Debug|Any CPU.Build.0 = Debug|Any CPU
		{ED6E3E4C-EF48-4911-92F1-D16199B43C37}.Release|Any CPU.ActiveCfg = Release|Any CPU
		{ED6E3E4C-EF48-4911-92F1-D16199B43C37}.Release|Any CPU.Build.0 = Release|Any CPU
		{83E5F0F9-9C5A-43A2-8A83-956743C614CB}.Debug|Any CPU.ActiveCfg = Debug|Any CPU
		{83E5F0F9-9C5A-43A2-8A83-956743C614CB}.Debug|Any CPU.Build.0 = Debug|Any CPU
		{83E5F0F9-9C5A-43A2-8A83-956743C614CB}.Release|Any CPU.ActiveCfg = Release|Any CPU
		{83E5F0F9-9C5A-43A2-8A83-956743C614CB}.Release|Any CPU.Build.0 = Release|Any CPU
		{86B348B9-C208-42DE-AC01-5237B2F0D956}.Debug|Any CPU.ActiveCfg = Debug|Any CPU
		{86B348B9-C208-42DE-AC01-5237B2F0D956}.Debug|Any CPU.Build.0 = Debug|Any CPU
		{86B348B9-C208-42DE-AC01-5237B2F0D956}.Release|Any CPU.ActiveCfg = Release|Any CPU
		{86B348B9-C208-42DE-AC01-5237B2F0D956}.Release|Any CPU.Build.0 = Release|Any CPU
	EndGlobalSection
	GlobalSection(SolutionProperties) = preSolution
		HideSolutionNode = FALSE
	EndGlobalSection
	GlobalSection(NestedProjects) = preSolution
		{83E5F0F9-9C5A-43A2-8A83-956743C614CB} = {4A45868E-5FD0-4562-901C-5BB3143869A5}
		{86B348B9-C208-42DE-AC01-5237B2F0D956} = {4A45868E-5FD0-4562-901C-5BB3143869A5}
	EndGlobalSection
	GlobalSection(ExtensibilityGlobals) = postSolution
		SolutionGuid = {60F9B529-DBA5-4D29-9E9C-CACD43C0270A}
	EndGlobalSection
EndGlobal
